
Microsoft Visual Studio Solution File, Format Version 12.00
# Visual Studio 15
VisualStudioVersion = 15.0.28010.2026
MinimumVisualStudioVersion = 10.0.40219.1
Project("{FAE04EC0-301F-11D3-BF4B-00C04F79EFBC}") = "WorldHardestGame", "WorldHardestGame\WorldHardestGame.csproj", "{42294964-7B99-4D52-B754-BAE504F972A7}"
EndProject
Global
	GlobalSection(SolutionConfigurationPlatforms) = preSolution
		Debug|Any CPU = Debug|Any CPU
		Release|Any CPU = Release|Any CPU
	EndGlobalSection
	GlobalSection(ProjectConfigurationPlatforms) = postSolution
		{42294964-7B99-4D52-B754-BAE504F972A7}.Debug|Any CPU.ActiveCfg = Debug|Any CPU
		{42294964-7B99-4D52-B754-BAE504F972A7}.Debug|Any CPU.Build.0 = Debug|Any CPU
		{42294964-7B99-4D52-B754-BAE504F972A7}.Release|Any CPU.ActiveCfg = Release|Any CPU
		{42294964-7B99-4D52-B754-BAE504F972A7}.Release|Any CPU.Build.0 = Release|Any CPU
	EndGlobalSection
	GlobalSection(SolutionProperties) = preSolution
		HideSolutionNode = FALSE
	EndGlobalSection
	GlobalSection(ExtensibilityGlobals) = postSolution
		SolutionGuid = {9C1687FF-57AE-4E5A-B90E-133B3D5FA058}
	EndGlobalSection
EndGlobal
